{
  "name": "af-node-base",
  "version": "0.0.1",
  "dependencies": {
    "express": {
      "version": "3.0.0-alpha1",
      "from": "express@",
      "dependencies": {
        "connect": {
          "version": "2.1.2",
          "from": "connect@2.1.2",
          "dependencies": {
            "qs": {
              "version": "0.4.2",
              "from": "qs@0.4.2"
            },
            "mime": {
              "version": "1.2.4",
              "from": "mime@1.2.4"
            },
            "formidable": {
              "version": "1.0.9",
              "from": "formidable@1.0.9"
            },
            "crc": {
              "version": "0.1.0",
              "from": "crc@0.1.0"
            }
          }
        },
        "commander": {
          "version": "0.5.2",
          "from": "commander@0.5.2"
        },
        "mime": {
          "version": "1.2.5",
          "from": "mime@1.2.5"
        },
        "mkdirp": {
          "version": "0.3.1",
          "from": "mkdirp@0.3.1"
        },
        "debug": {
          "version": "0.6.0",
          "from": "debug@*"
        }
      }
    },
    "jsdom": {
      "version": "0.10.1",
      "from": "jsdom@",
      "resolved": "https://registry.npmjs.org/jsdom/-/jsdom-0.10.1.tgz",
      "dependencies": {
        "htmlparser2": {
          "version": "3.5.0",
          "from": "htmlparser2@>= 3.1.5 <4",
          "resolved": "https://registry.npmjs.org/htmlparser2/-/htmlparser2-3.5.0.tgz",
          "dependencies": {
            "domhandler": {
              "version": "2.2.0",
              "from": "domhandler@2.2",
              "resolved": "https://registry.npmjs.org/domhandler/-/domhandler-2.2.0.tgz"
            },
            "domutils": {
              "version": "1.3.0",
              "from": "domutils@1.3",
              "resolved": "https://registry.npmjs.org/domutils/-/domutils-1.3.0.tgz"
            },
            "domelementtype": {
              "version": "1.1.1",
              "from": "domelementtype@1"
            },
            "readable-stream": {
              "version": "1.1.11",
              "from": "readable-stream@1.1",
              "resolved": "https://registry.npmjs.org/readable-stream/-/readable-stream-1.1.11.tgz",
              "dependencies": {
                "core-util-is": {
                  "version": "1.0.1",
                  "from": "core-util-is@~1.0.0"
                },
                "string_decoder": {
                  "version": "0.10.25-1",
                  "from": "string_decoder@~0.10.x",
                  "resolved": "https://registry.npmjs.org/string_decoder/-/string_decoder-0.10.25-1.tgz"
                },
                "debuglog": {
                  "version": "0.0.2",
                  "from": "debuglog@0.0.2",
                  "resolved": "https://registry.npmjs.org/debuglog/-/debuglog-0.0.2.tgz"
                }
              }
            }
          }
        },
        "nwmatcher": {
          "version": "1.3.1",
          "from": "nwmatcher@~1.3.1",
          "resolved": "https://registry.npmjs.org/nwmatcher/-/nwmatcher-1.3.1.tgz"
        },
        "request": {
          "version": "2.34.0",
          "from": "request@2.x",
          "resolved": "https://registry.npmjs.org/request/-/request-2.34.0.tgz",
          "dependencies": {
            "qs": {
              "version": "0.6.6",
              "from": "qs@~0.6.0"
            },
            "json-stringify-safe": {
              "version": "5.0.0",
              "from": "json-stringify-safe@~5.0.0"
            },
            "forever-agent": {
              "version": "0.5.2",
              "from": "forever-agent@~0.5.0",
              "resolved": "https://registry.npmjs.org/forever-agent/-/forever-agent-0.5.2.tgz"
            },
            "node-uuid": {
              "version": "1.4.1",
              "from": "node-uuid@~1.4.0"
            },
            "mime": {
              "version": "1.2.11",
              "from": "mime@~1.2.9"
            },
            "tough-cookie": {
              "version": "0.12.1",
              "from": "tough-cookie@>=0.12.0",
              "resolved": "https://registry.npmjs.org/tough-cookie/-/tough-cookie-0.12.1.tgz",
              "dependencies": {
                "punycode": {
                  "version": "1.2.4",
                  "from": "punycode@>=0.2.0",
                  "resolved": "https://registry.npmjs.org/punycode/-/punycode-1.2.4.tgz"
                }
              }
            },
            "form-data": {
              "version": "0.1.2",
              "from": "form-data@~0.1.0",
              "dependencies": {
                "combined-stream": {
                  "version": "0.0.4",
                  "from": "combined-stream@~0.0.4",
                  "dependencies": {
                    "delayed-stream": {
                      "version": "0.0.5",
                      "from": "delayed-stream@0.0.5",
                      "resolved": "https://registry.npmjs.org/delayed-stream/-/delayed-stream-0.0.5.tgz"
                    }
                  }
                },
                "async": {
                  "version": "0.2.10",
                  "from": "async@~0.2.9",
                  "resolved": "https://registry.npmjs.org/async/-/async-0.2.10.tgz"
                }
              }
            },
            "tunnel-agent": {
              "version": "0.3.0",
              "from": "tunnel-agent@~0.3.0"
            },
            "http-signature": {
              "version": "0.10.0",
              "from": "http-signature@~0.10.0",
              "dependencies": {
                "assert-plus": {
                  "version": "0.1.2",
                  "from": "assert-plus@0.1.2",
                  "resolved": "https://registry.npmjs.org/assert-plus/-/assert-plus-0.1.2.tgz"
                },
                "asn1": {
                  "version": "0.1.11",
                  "from": "asn1@0.1.11",
                  "resolved": "https://registry.npmjs.org/asn1/-/asn1-0.1.11.tgz"
                },
                "ctype": {
                  "version": "0.5.2",
                  "from": "ctype@0.5.2",
                  "resolved": "https://registry.npmjs.org/ctype/-/ctype-0.5.2.tgz"
                }
              }
            },
            "oauth-sign": {
              "version": "0.3.0",
              "from": "oauth-sign@~0.3.0"
            },
            "hawk": {
              "version": "1.0.0",
              "from": "hawk@~1.0.0",
              "dependencies": {
                "hoek": {
                  "version": "0.9.1",
                  "from": "hoek@0.9.x"
                },
                "boom": {
                  "version": "0.4.2",
                  "from": "boom@0.4.x"
                },
                "cryptiles": {
                  "version": "0.2.2",
                  "from": "cryptiles@0.2.x"
                },
                "sntp": {
                  "version": "0.2.4",
                  "from": "sntp@0.2.x"
                }
              }
            },
            "aws-sign2": {
              "version": "0.5.0",
              "from": "aws-sign2@~0.5.0"
            }
          }
        },
        "xmlhttprequest": {
          "version": "1.6.0",
          "from": "xmlhttprequest@>=1.5.0",
          "resolved": "https://registry.npmjs.org/xmlhttprequest/-/xmlhttprequest-1.6.0.tgz"
        },
        "cssom": {
          "version": "0.3.0",
          "from": "cssom@~0.3.0",
          "resolved": "https://registry.npmjs.org/cssom/-/cssom-0.3.0.tgz"
        },
        "cssstyle": {
          "version": "0.2.9",
          "from": "cssstyle@~0.2.9",
          "resolved": "https://registry.npmjs.org/cssstyle/-/cssstyle-0.2.9.tgz"
        },
        "contextify": {
          "version": "0.1.6",
          "from": "contextify@~0.1.5",
          "resolved": "https://registry.npmjs.org/contextify/-/contextify-0.1.6.tgz",
          "dependencies": {
            "bindings": {
              "version": "1.1.1",
              "from": "bindings@*"
            }
          }
        }
      }
    }
  }
}
